
Microsoft Visual Studio Solution File, Format Version 12.00
# Visual Studio Version 17
VisualStudioVersion = 17.0.32014.148
MinimumVisualStudioVersion = 10.0.40219.1
Project("{FAE04EC0-301F-11D3-BF4B-00C04F79EFBC}") = "2111881_TangTheNgocSong", "2111881_TangTheNgocSong.csproj", "{C823C1EC-EC4A-458D-9E4B-F851086EC8F9}"
EndProject
Global
	GlobalSection(SolutionConfigurationPlatforms) = preSolution
		Debug|Any CPU = Debug|Any CPU
		Release|Any CPU = Release|Any CPU
	EndGlobalSection
	GlobalSection(ProjectConfigurationPlatforms) = postSolution
		{C823C1EC-EC4A-458D-9E4B-F851086EC8F9}.Debug|Any CPU.ActiveCfg = Debug|Any CPU
		{C823C1EC-EC4A-458D-9E4B-F851086EC8F9}.Debug|Any CPU.Build.0 = Debug|Any CPU
		{C823C1EC-EC4A-458D-9E4B-F851086EC8F9}.Release|Any CPU.ActiveCfg = Release|Any CPU
		{C823C1EC-EC4A-458D-9E4B-F851086EC8F9}.Release|Any CPU.Build.0 = Release|Any CPU
	EndGlobalSection
	GlobalSection(SolutionProperties) = preSolution
		HideSolutionNode = FALSE
	EndGlobalSection
	GlobalSection(ExtensibilityGlobals) = postSolution
		SolutionGuid = {98BFF8D0-30AD-4810-B5AA-CA60626CB83B}
	EndGlobalSection
EndGlobal
